identity:
  display: RADIUMBLOCK.COM
  email: info@radiumblock.com
  website: https://radiumblock.com
  twitter: @radiumblock

accounts:
  0:
    identity:
      display: RADIUMBLOCK.COM
    stash: 5GWKuZt5LX3YaeAjaY3tm5HxmG7cx5kuKxbQvcxhVxxrSsRJ
  1:
    identity:
      display: RADIUMBLOCK.COM/02
    stash: 5CVMYZfczGFhu3huQcE7RDTNgvNGxBvKczA4Nd6XzRnb6ibC
  2:
    identity:
      display: RADIUMBLOCK.COM/03
    stash: 5CYDCaxqkLNf3qoL4pikn7KCGvHKGn2vtojjdiCrES2KSVgQ
  3:
    identity:
      display: RADIUMBLOCK.COM/04
    stash: 5CLpwEKGrhYDYHQLUVZzBWsgzqSFd7Uxy5SKie5MECrRTEiV
